
Microsoft Visual Studio Solution File, Format Version 12.00
# Visual Studio Version 17
VisualStudioVersion = 17.5.33414.496
MinimumVisualStudioVersion = 10.0.40219.1
Project("{FAE04EC0-301F-11D3-BF4B-00C04F79EFBC}") = "tpmodu6_1302213039", "tpmodu6_1302213039\tpmodu6_1302213039.csproj", "{72F92005-6F70-4DEB-B471-7F3E709BD0FF}"
EndProject
Global
	GlobalSection(SolutionConfigurationPlatforms) = preSolution
		Debug|Any CPU = Debug|Any CPU
		Release|Any CPU = Release|Any CPU
	EndGlobalSection
	GlobalSection(ProjectConfigurationPlatforms) = postSolution
		{72F92005-6F70-4DEB-B471-7F3E709BD0FF}.Debug|Any CPU.ActiveCfg = Debug|Any CPU
		{72F92005-6F70-4DEB-B471-7F3E709BD0FF}.Debug|Any CPU.Build.0 = Debug|Any CPU
		{72F92005-6F70-4DEB-B471-7F3E709BD0FF}.Release|Any CPU.ActiveCfg = Release|Any CPU
		{72F92005-6F70-4DEB-B471-7F3E709BD0FF}.Release|Any CPU.Build.0 = Release|Any CPU
	EndGlobalSection
	GlobalSection(SolutionProperties) = preSolution
		HideSolutionNode = FALSE
	EndGlobalSection
	GlobalSection(ExtensibilityGlobals) = postSolution
		SolutionGuid = {085F1D00-7F8C-498F-87BA-E39B3E62EFB9}
	EndGlobalSection
EndGlobal
